PODS:
  - Alamofire (4.9.1)
  - AppAuth (1.4.0):
    - AppAuth/Core (= 1.4.0)
    - AppAuth/ExternalUserAgent (= 1.4.0)
  - AppAuth/Core (1.4.0)
  - AppAuth/ExternalUserAgent (1.4.0)
  - AWSAuthCore (2.13.4):
    - AWSCore (= 2.13.4)
  - AWSAuthUI (2.13.4):
    - AWSAuthCore (= 2.13.4)
    - AWSCore (= 2.13.4)
  - AWSCognitoIdentityProvider (2.13.4):
    - AWSCognitoIdentityProviderASF (= 1.0.1)
    - AWSCore (= 2.13.4)
  - AWSCognitoIdentityProviderASF (1.0.1)
  - AWSCore (2.13.4)
  - AWSFacebookSignIn (2.13.4):
    - AWSAuthCore (= 2.13.4)
    - FBSDKCoreKit (= 5.8)
    - FBSDKLoginKit (= 5.8)
  - AWSGoogleSignIn (2.13.4):
    - AWSAuthCore (= 2.13.4)
  - AWSMobileClient (2.13.4):
    - AWSAuthCore (= 2.13.4)
    - AWSCognitoIdentityProvider (= 2.13.4)
  - AWSUserPoolsSignIn (2.13.4):
    - AWSAuthCore (= 2.13.4)
    - AWSCognitoIdentityProvider (= 2.13.4)
  - FBSDKCoreKit (5.8.0):
    - FBSDKCoreKit/Basics (= 5.8.0)
    - FBSDKCoreKit/Core (= 5.8.0)
  - FBSDKCoreKit/Basics (5.8.0)
  - FBSDKCoreKit/Core (5.8.0):
    - FBSDKCoreKit/Basics
  - FBSDKLoginKit (5.8.0):
    - FBSDKLoginKit/Login (= 5.8.0)
  - FBSDKLoginKit/Login (5.8.0):
    - FBSDKCoreKit (~> 5.0)
  - GoogleSignIn (5.0.2):
    - AppAuth (~> 1.2)
    - GTMAppAuth (~> 1.0)
    - GTMSessionFetcher/Core (~> 1.1)
  - GTMAppAuth (1.0.0):
    - AppAuth/Core (~> 1.0)
    - GTMSessionFetcher (~> 1.1)
  - GTMSessionFetcher (1.4.0):
    - GTMSessionFetcher/Full (= 1.4.0)
  - GTMSessionFetcher/Core (1.4.0)
  - GTMSessionFetcher/Full (1.4.0):
    - GTMSessionFetcher/Core (= 1.4.0)
  - IQKeyboardManagerSwift (6.5.5)
  - LGSideMenuController (2.1.1)
  - R.swift (5.2.2):
    - R.swift.Library (~> 5.2.0)
  - R.swift.Library (5.2.0)
  - SDWebImage (5.8.0):
    - SDWebImage/Core (= 5.8.0)
  - SDWebImage/Core (5.8.0)
  - SkyFloatingLabelTextField (3.8.0)
  - SVProgressHUD (2.2.5)
  - TextFieldEffects (1.6.0)

DEPENDENCIES:
  - Alamofire (~> 4.0)
  - AWSAuthUI
  - AWSFacebookSignIn
  - AWSGoogleSignIn
  - AWSMobileClient
  - AWSUserPoolsSignIn
  - GoogleSignIn
  - IQKeyboardManagerSwift
  - LGSideMenuController
  - R.swift
  - SDWebImage
  - SkyFloatingLabelTextField
  - SVProgressHUD
  - TextFieldEffects

SPEC REPOS:
  trunk:
    - Alamofire
    - AppAuth
    - AWSAuthCore
    - AWSAuthUI
    - AWSCognitoIdentityProvider
    - AWSCognitoIdentityProviderASF
    - AWSCore
    - AWSFacebookSignIn
    - AWSGoogleSignIn
    - AWSMobileClient
    - AWSUserPoolsSignIn
    - FBSDKCoreKit
    - FBSDKLoginKit
    - GoogleSignIn
    - GTMAppAuth
    - GTMSessionFetcher
    - IQKeyboardManagerSwift
    - LGSideMenuController
    - R.swift
    - R.swift.Library
    - SDWebImage
    - SkyFloatingLabelTextField
    - SVProgressHUD
    - TextFieldEffects

SPEC CHECKSUMS:
  Alamofire: 85e8a02c69d6020a0d734f6054870d7ecb75cf18
  AppAuth: 31bcec809a638d7bd2f86ea8a52bd45f6e81e7c7
  AWSAuthCore: 72b4bd064c28985ea5345c62759632d511de342a
  AWSAuthUI: b362025876b23e317fdd46309305dac2be7d1960
  AWSCognitoIdentityProvider: a2d1d2857316519c018c03ac8205cf78154db5c0
  AWSCognitoIdentityProviderASF: f94f1a502e72ef3d0a1de93e10bf7a79c8698118
  AWSCore: 06beea22b6bdbfe9f5ab5015c6901e8475c746a8
  AWSFacebookSignIn: 0f9cc7a0adbda5bcb8dc1775812a7cfdd70ba9ed
  AWSGoogleSignIn: 0ff33c2c8f39809db335bd40162807936d8c0098
  AWSMobileClient: 33ecce524fbc011d543dae8306ca29a43ecb72e5
  AWSUserPoolsSignIn: 7b4a2ec2a1c1ca86cf68606c71c30f033ad90dd6
  FBSDKCoreKit: e7dcac0aabcfb09d0166998edd95fe3b05a0ce5d
  FBSDKLoginKit: 1b0cf04df0370b37404213157b060d6666ede814
  GoogleSignIn: 7137d297ddc022a7e0aa4619c86d72c909fa7213
  GTMAppAuth: 4deac854479704f348309e7b66189e604cf5e01e
  GTMSessionFetcher: 6f5c8abbab8a9bce4bb3f057e317728ec6182b10
  IQKeyboardManagerSwift: 0fb93310284665245591f50f7a5e38de615960b7
  LGSideMenuController: ae40c80983ab8b8801c7cef0a6804d43aaa72d45
  R.swift: 7c52cdc57a66840ffe6cbd8a823d732059d42a32
  R.swift.Library: 5ba4f1631300caf9a4d890186930da85d540769d
  SDWebImage: 84000f962cbfa70c07f19d2234cbfcf5d779b5dc
  SkyFloatingLabelTextField: 5a338412114808e961fe2d14ea2c5452c8b6e4aa
  SVProgressHUD: 1428aafac632c1f86f62aa4243ec12008d7a51d6
  TextFieldEffects: 529b8aff706fb40f82c41c780c0777941a893796

PODFILE CHECKSUM: 465e775e1728bc851fffa2e798aca20ccf9dc08e

COCOAPODS: 1.8.4
